// !$*UTF8*$!
{
	archiveVersion = 1;
	classes = {
	};
	objectVersion = 46;
	objects = {

/* Begin PBXBuildFile section */
		38745FA1C05396595C21B950 /* libPods-mecymapweex.a in Frameworks */ = {isa = PBXBuildFile; fileRef = 239A55163CD2E2E17BF97C16 /* libPods-mecymapweex.a */; };
		E210E6CC1DD76270000BA73C /* main.m in Sources */ = {isa = PBXBuildFile; fileRef = E210E6CB1DD76270000BA73C /* main.m */; };
		E210E6CF1DD76270000BA73C /* AppDelegate.m in Sources */ = {isa = PBXBuildFile; fileRef = E210E6CE1DD76270000BA73C /* AppDelegate.m */; };
		E210E6D21DD76270000BA73C /* ViewController.m in Sources */ = {isa = PBXBuildFile; fileRef = E210E6D11DD76270000BA73C /* ViewController.m */; };
		E210E6D51DD76270000BA73C /* Main.storyboard in Resources */ = {isa = PBXBuildFile; fileRef = E210E6D31DD76270000BA73C /* Main.storyboard */; };
		E210E6D71DD76270000BA73C /* Assets.xcassets in Resources */ = {isa = PBXBuildFile; fileRef = E210E6D61DD76270000BA73C /* Assets.xcassets */; };
		E210E6DA1DD76270000BA73C /* LaunchScreen.storyboard in Resources */ = {isa = PBXBuildFile; fileRef = E210E6D81DD76270000BA73C /* LaunchScreen.storyboard */; };
		E210E6E81DD7FCC2000BA73C /* SPBaseViewController.m in Sources */ = {isa = PBXBuildFile; fileRef = E210E6E71DD7FCC2000BA73C /* SPBaseViewController.m */; };
		E210E6EB1DD7FCE5000BA73C /* WeexViewController.m in Sources */ = {isa = PBXBuildFile; fileRef = E210E6EA1DD7FCE5000BA73C /* WeexViewController.m */; };
		E210E6EE1DD80032000BA73C /* SPTabbarController.m in Sources */ = {isa = PBXBuildFile; fileRef = E210E6ED1DD80032000BA73C /* SPTabbarController.m */; };
		E210E6F11DD8005F000BA73C /* WeexTabbarController.m in Sources */ = {isa = PBXBuildFile; fileRef = E210E6F01DD8005F000BA73C /* WeexTabbarController.m */; };
		E210E6F31DD80A54000BA73C /* js in Resources */ = {isa = PBXBuildFile; fileRef = E210E6F21DD80A54000BA73C /* js */; };
		E210E6F81DD80D0E000BA73C /* WXImageLoadManager.m in Sources */ = {isa = PBXBuildFile; fileRef = E210E6F51DD80D0E000BA73C /* WXImageLoadManager.m */; };
		E210E6F91DD80D0E000BA73C /* WXEventModule.m in Sources */ = {isa = PBXBuildFile; fileRef = E210E6F71DD80D0E000BA73C /* WXEventModule.m */; };
/* End PBXBuildFile section */

/* Begin PBXFileReference section */
		03B9635835D95B204CE96751 /* Pods-mecymapweex.release.xcconfig */ = {isa = PBXFileReference; includeInIndex = 1; lastKnownFileType = text.xcconfig; name = "Pods-mecymapweex.release.xcconfig"; path = "Pods/Target Support Files/Pods-mecymapweex/Pods-mecymapweex.release.xcconfig"; sourceTree = "<group>"; };
		239A55163CD2E2E17BF97C16 /* libPods-mecymapweex.a */ = {isa = PBXFileReference; explicitFileType = archive.ar; includeInIndex = 0; path = "libPods-mecymapweex.a"; sourceTree = BUILT_PRODUCTS_DIR; };
		98998F1926BBAE9DF1559E4B /* Pods-mecymapweex.debug.xcconfig */ = {isa = PBXFileReference; includeInIndex = 1; lastKnownFileType = text.xcconfig; name = "Pods-mecymapweex.debug.xcconfig"; path = "Pods/Target Support Files/Pods-mecymapweex/Pods-mecymapweex.debug.xcconfig"; sourceTree = "<group>"; };
		E210E6C71DD76270000BA73C /* mecymapweex.app */ = {isa = PBXFileReference; explicitFileType = wrapper.application; includeInIndex = 0; path = mecymapweex.app; sourceTree = BUILT_PRODUCTS_DIR; };
		E210E6CB1DD76270000BA73C /* main.m */ = {isa = PBXFileReference; lastKnownFileType = sourcecode.c.objc; path = main.m; sourceTree = "<group>"; };
		E210E6CD1DD76270000BA73C /* AppDelegate.h */ = {isa = PBXFileReference; lastKnownFileType = sourcecode.c.h; path = AppDelegate.h; sourceTree = "<group>"; };
		E210E6CE1DD76270000BA73C /* AppDelegate.m */ = {isa = PBXFileReference; lastKnownFileType = sourcecode.c.objc; path = AppDelegate.m; sourceTree = "<group>"; };
		E210E6D01DD76270000BA73C /* ViewController.h */ = {isa = PBXFileReference; lastKnownFileType = sourcecode.c.h; path = ViewController.h; sourceTree = "<group>"; };
		E210E6D11DD76270000BA73C /* ViewController.m */ = {isa = PBXFileReference; lastKnownFileType = sourcecode.c.objc; path = ViewController.m; sourceTree = "<group>"; };
		E210E6D41DD76270000BA73C /* Base */ = {isa = PBXFileReference; lastKnownFileType = file.storyboard; name = Base; path = Base.lproj/Main.storyboard; sourceTree = "<group>"; };
		E210E6D61DD76270000BA73C /* Assets.xcassets */ = {isa = PBXFileReference; lastKnownFileType = folder.assetcatalog; path = Assets.xcassets; sourceTree = "<group>"; };
		E210E6D91DD76270000BA73C /* Base */ = {isa = PBXFileReference; lastKnownFileType = file.storyboard; name = Base; path = Base.lproj/LaunchScreen.storyboard; sourceTree = "<group>"; };
		E210E6DB1DD76270000BA73C /* Info.plist */ = {isa = PBXFileReference; lastKnownFileType = text.plist.xml; path = Info.plist; sourceTree = "<group>"; };
		E210E6E61DD7FCC2000BA73C /* SPBaseViewController.h */ = {isa = PBXFileReference; fileEncoding = 4; lastKnownFileType = sourcecode.c.h; path = SPBaseViewController.h; sourceTree = "<group>"; };
		E210E6E71DD7FCC2000BA73C /* SPBaseViewController.m */ = {isa = PBXFileReference; fileEncoding = 4; lastKnownFileType = sourcecode.c.objc; path = SPBaseViewController.m; sourceTree = "<group>"; };
		E210E6E91DD7FCE5000BA73C /* WeexViewController.h */ = {isa = PBXFileReference; fileEncoding = 4; lastKnownFileType = sourcecode.c.h; path = WeexViewController.h; sourceTree = "<group>"; };
		E210E6EA1DD7FCE5000BA73C /* WeexViewController.m */ = {isa = PBXFileReference; fileEncoding = 4; lastKnownFileType = sourcecode.c.objc; path = WeexViewController.m; sourceTree = "<group>"; };
		E210E6EC1DD80032000BA73C /* SPTabbarController.h */ = {isa = PBXFileReference; fileEncoding = 4; lastKnownFileType = sourcecode.c.h; path = SPTabbarController.h; sourceTree = "<group>"; };
		E210E6ED1DD80032000BA73C /* SPTabbarController.m */ = {isa = PBXFileReference; fileEncoding = 4; lastKnownFileType = sourcecode.c.objc; path = SPTabbarController.m; sourceTree = "<group>"; };
		E210E6EF1DD8005F000BA73C /* WeexTabbarController.h */ = {isa = PBXFileReference; fileEncoding = 4; lastKnownFileType = sourcecode.c.h; path = WeexTabbarController.h; sourceTree = "<group>"; };
		E210E6F01DD8005F000BA73C /* WeexTabbarController.m */ = {isa = PBXFileReference; fileEncoding = 4; lastKnownFileType = sourcecode.c.objc; path = WeexTabbarController.m; sourceTree = "<group>"; };
		E210E6F21DD80A54000BA73C /* js */ = {isa = PBXFileReference; lastKnownFileType = folder; name = js; path = weex/js; sourceTree = SOURCE_ROOT; };
		E210E6F41DD80D0E000BA73C /* WXImageLoadManager.h */ = {isa = PBXFileReference; fileEncoding = 4; lastKnownFileType = sourcecode.c.h; path = WXImageLoadManager.h; sourceTree = "<group>"; };
		E210E6F51DD80D0E000BA73C /* WXImageLoadManager.m */ = {isa = PBXFileReference; fileEncoding = 4; lastKnownFileType = sourcecode.c.objc; path = WXImageLoadManager.m; sourceTree = "<group>"; };
		E210E6F61DD80D0E000BA73C /* WXEventModule.h */ = {isa = PBXFileReference; fileEncoding = 4; lastKnownFileType = sourcecode.c.h; path = WXEventModule.h; sourceTree = "<group>"; };
		E210E6F71DD80D0E000BA73C /* WXEventModule.m */ = {isa = PBXFileReference; fileEncoding = 4; lastKnownFileType = sourcecode.c.objc; path = WXEventModule.m; sourceTree = "<group>"; };
/* End PBXFileReference section */

/* Begin PBXFrameworksBuildPhase section */
		E210E6C41DD76270000BA73C /* Frameworks */ = {
			isa = PBXFrameworksBuildPhase;
			buildActionMask = 2147483647;
			files = (
				38745FA1C05396595C21B950 /* libPods-mecymapweex.a in Frameworks */,
			);
			runOnlyForDeploymentPostprocessing = 0;
		};
/* End PBXFrameworksBuildPhase section */

/* Begin PBXGroup section */
		2199281C0D385B08D1F26812 /* Pods */ = {
			isa = PBXGroup;
			children = (
				98998F1926BBAE9DF1559E4B /* Pods-mecymapweex.debug.xcconfig */,
				03B9635835D95B204CE96751 /* Pods-mecymapweex.release.xcconfig */,
			);
			name = Pods;
			sourceTree = "<group>";
		};
		345D7CECBCF7E23946E8599C /* Frameworks */ = {
			isa = PBXGroup;
			children = (
				239A55163CD2E2E17BF97C16 /* libPods-mecymapweex.a */,
			);
			name = Frameworks;
			sourceTree = "<group>";
		};
		E210E6BE1DD76270000BA73C = {
			isa = PBXGroup;
			children = (
				E210E6C91DD76270000BA73C /* mecymapweex */,
				E210E6C81DD76270000BA73C /* Products */,
				2199281C0D385B08D1F26812 /* Pods */,
				345D7CECBCF7E23946E8599C /* Frameworks */,
			);
			sourceTree = "<group>";
		};
		E210E6C81DD76270000BA73C /* Products */ = {
			isa = PBXGroup;
			children = (
				E210E6C71DD76270000BA73C /* mecymapweex.app */,
			);
			name = Products;
			sourceTree = "<group>";
		};
		E210E6C91DD76270000BA73C /* mecymapweex */ = {
			isa = PBXGroup;
			children = (
				E210E6F21DD80A54000BA73C /* js */,
				E210E6E51DD7FC8D000BA73C /* base */,
				E210E6E11DD7FC62000BA73C /* customview */,
				E210E6E21DD7FC63000BA73C /* controller */,
				E210E6E31DD7FC63000BA73C /* third */,
				E210E6E41DD7FC63000BA73C /* util */,
				E210E6CD1DD76270000BA73C /* AppDelegate.h */,
				E210E6CE1DD76270000BA73C /* AppDelegate.m */,
				E210E6D01DD76270000BA73C /* ViewController.h */,
				E210E6D11DD76270000BA73C /* ViewController.m */,
				E210E6D31DD76270000BA73C /* Main.storyboard */,
				E210E6D61DD76270000BA73C /* Assets.xcassets */,
				E210E6D81DD76270000BA73C /* LaunchScreen.storyboard */,
				E210E6DB1DD76270000BA73C /* Info.plist */,
				E210E6CA1DD76270000BA73C /* Supporting Files */,
			);
			path = mecymapweex;
			sourceTree = "<group>";
		};
		E210E6CA1DD76270000BA73C /* Supporting Files */ = {
			isa = PBXGroup;
			children = (
				E210E6CB1DD76270000BA73C /* main.m */,
			);
			name = "Supporting Files";
			sourceTree = "<group>";
		};
		E210E6E11DD7FC62000BA73C /* customview */ = {
			isa = PBXGroup;
			children = (
			);
			path = customview;
			sourceTree = "<group>";
		};
		E210E6E21DD7FC63000BA73C /* controller */ = {
			isa = PBXGroup;
			children = (
			);
			path = controller;
			sourceTree = "<group>";
		};
		E210E6E31DD7FC63000BA73C /* third */ = {
			isa = PBXGroup;
			children = (
			);
			path = third;
			sourceTree = "<group>";
		};
		E210E6E41DD7FC63000BA73C /* util */ = {
			isa = PBXGroup;
			children = (
				E210E6F41DD80D0E000BA73C /* WXImageLoadManager.h */,
				E210E6F51DD80D0E000BA73C /* WXImageLoadManager.m */,
				E210E6F61DD80D0E000BA73C /* WXEventModule.h */,
				E210E6F71DD80D0E000BA73C /* WXEventModule.m */,
			);
			path = util;
			sourceTree = "<group>";
		};
		E210E6E51DD7FC8D000BA73C /* base */ = {
			isa = PBXGroup;
			children = (
				E210E6E61DD7FCC2000BA73C /* SPBaseViewController.h */,
				E210E6E71DD7FCC2000BA73C /* SPBaseViewController.m */,
				E210E6E91DD7FCE5000BA73C /* WeexViewController.h */,
				E210E6EA1DD7FCE5000BA73C /* WeexViewController.m */,
				E210E6EC1DD80032000BA73C /* SPTabbarController.h */,
				E210E6ED1DD80032000BA73C /* SPTabbarController.m */,
				E210E6EF1DD8005F000BA73C /* WeexTabbarController.h */,
				E210E6F01DD8005F000BA73C /* WeexTabbarController.m */,
			);
			path = base;
			sourceTree = "<group>";
		};
/* End PBXGroup section */

/* Begin PBXNativeTarget section */
		E210E6C61DD76270000BA73C /* mecymapweex */ = {
			isa = PBXNativeTarget;
			buildConfigurationList = E210E6DE1DD76270000BA73C /* Build configuration list for PBXNativeTarget "mecymapweex" */;
			buildPhases = (
				BEFB2E1D86BB5F3881803F91 /* [CP] Check Pods Manifest.lock */,
				E210E6C31DD76270000BA73C /* Sources */,
				E210E6C41DD76270000BA73C /* Frameworks */,
				E210E6C51DD76270000BA73C /* Resources */,
				97DBE0CB3BE9E3DEB64AC65B /* [CP] Embed Pods Frameworks */,
				FEA19750F16C135FD0B41997 /* [CP] Copy Pods Resources */,
			);
			buildRules = (
			);
			dependencies = (
			);
			name = mecymapweex;
			productName = mecymapweex;
			productReference = E210E6C71DD76270000BA73C /* mecymapweex.app */;
			productType = "com.apple.product-type.application";
		};
/* End PBXNativeTarget section */

/* Begin PBXProject section */
		E210E6BF1DD76270000BA73C /* Project object */ = {
			isa = PBXProject;
			attributes = {
				LastUpgradeCheck = 0800;
				ORGANIZATIONNAME = sym;
				TargetAttributes = {
					E210E6C61DD76270000BA73C = {
						CreatedOnToolsVersion = 8.0;
						ProvisioningStyle = Automatic;
					};
				};
			};
			buildConfigurationList = E210E6C21DD76270000BA73C /* Build configuration list for PBXProject "mecymapweex" */;
			compatibilityVersion = "Xcode 3.2";
			developmentRegion = English;
			hasScannedForEncodings = 0;
			knownRegions = (
				en,
				Base,
			);
			mainGroup = E210E6BE1DD76270000BA73C;
			productRefGroup = E210E6C81DD76270000BA73C /* Products */;
			projectDirPath = "";
			projectRoot = "";
			targets = (
				E210E6C61DD76270000BA73C /* mecymapweex */,
			);
		};
/* End PBXProject section */

/* Begin PBXResourcesBuildPhase section */
		E210E6C51DD76270000BA73C /* Resources */ = {
			isa = PBXResourcesBuildPhase;
			buildActionMask = 2147483647;
			files = (
				E210E6DA1DD76270000BA73C /* LaunchScreen.storyboard in Resources */,
				E210E6D71DD76270000BA73C /* Assets.xcassets in Resources */,
				E210E6D51DD76270000BA73C /* Main.storyboard in Resources */,
				E210E6F31DD80A54000BA73C /* js in Resources */,
			);
			runOnlyForDeploymentPostprocessing = 0;
		};
/* End PBXResourcesBuildPhase section */

/* Begin PBXShellScriptBuildPhase section */
		97DBE0CB3BE9E3DEB64AC65B /* [CP] Embed Pods Frameworks */ = {
			isa = PBXShellScriptBuildPhase;
			buildActionMask = 2147483647;
			files = (
			);
			inputPaths = (
			);
			name = "[CP] Embed Pods Frameworks";
			outputPaths = (
			);
			runOnlyForDeploymentPostprocessing = 0;
			shellPath = /bin/sh;
			shellScript = "\"${SRCROOT}/Pods/Target Support Files/Pods-mecymapweex/Pods-mecymapweex-frameworks.sh\"\n";
			showEnvVarsInLog = 0;
		};
		BEFB2E1D86BB5F3881803F91 /* [CP] Check Pods Manifest.lock */ = {
			isa = PBXShellScriptBuildPhase;
			buildActionMask = 2147483647;
			files = (
			);
			inputPaths = (
			);
			name = "[CP] Check Pods Manifest.lock";
			outputPaths = (
			);
			runOnlyForDeploymentPostprocessing = 0;
			shellPath = /bin/sh;
			shellScript = "diff \"${PODS_ROOT}/../Podfile.lock\" \"${PODS_ROOT}/Manifest.lock\" > /dev/null\nif [[ $? != 0 ]] ; then\n    cat << EOM\nerror: The sandbox is not in sync with the Podfile.lock. Run 'pod install' or update your CocoaPods installation.\nEOM\n    exit 1\nfi\n";
			showEnvVarsInLog = 0;
		};
		FEA19750F16C135FD0B41997 /* [CP] Copy Pods Resources */ = {
			isa = PBXShellScriptBuildPhase;
			buildActionMask = 2147483647;
			files = (
			);
			inputPaths = (
			);
			name = "[CP] Copy Pods Resources";
			outputPaths = (
			);
			runOnlyForDeploymentPostprocessing = 0;
			shellPath = /bin/sh;
			shellScript = "\"${SRCROOT}/Pods/Target Support Files/Pods-mecymapweex/Pods-mecymapweex-resources.sh\"\n";
			showEnvVarsInLog = 0;
		};
/* End PBXShellScriptBuildPhase section */

/* Begin PBXSourcesBuildPhase section */
		E210E6C31DD76270000BA73C /* Sources */ = {
			isa = PBXSourcesBuildPhase;
			buildActionMask = 2147483647;
			files = (
				E210E6EB1DD7FCE5000BA73C /* WeexViewController.m in Sources */,
				E210E6D21DD76270000BA73C /* ViewController.m in Sources */,
				E210E6CF1DD76270000BA73C /* AppDelegate.m in Sources */,
				E210E6E81DD7FCC2000BA73C /* SPBaseViewController.m in Sources */,
				E210E6F81DD80D0E000BA73C /* WXImageLoadManager.m in Sources */,
				E210E6F11DD8005F000BA73C /* WeexTabbarController.m in Sources */,
				E210E6F91DD80D0E000BA73C /* WXEventModule.m in Sources */,
				E210E6EE1DD80032000BA73C /* SPTabbarController.m in Sources */,
				E210E6CC1DD76270000BA73C /* main.m in Sources */,
			);
			runOnlyForDeploymentPostprocessing = 0;
		};
/* End PBXSourcesBuildPhase section */

/* Begin PBXVariantGroup section */
		E210E6D31DD76270000BA73C /* Main.storyboard */ = {
			isa = PBXVariantGroup;
			children = (
				E210E6D41DD76270000BA73C /* Base */,
			);
			name = Main.storyboard;
			sourceTree = "<group>";
		};
		E210E6D81DD76270000BA73C /* LaunchScreen.storyboard */ = {
			isa = PBXVariantGroup;
			children = (
				E210E6D91DD76270000BA73C /* Base */,
			);
			name = LaunchScreen.storyboard;
			sourceTree = "<group>";
		};
/* End PBXVariantGroup section */

/* Begin XCBuildConfiguration section */
		E210E6DC1DD76270000BA73C /* Debug */ = {
			isa = XCBuildConfiguration;
			buildSettings = {
				ALWAYS_SEARCH_USER_PATHS = NO;
				CLANG_ANALYZER_NONNULL = YES;
				CLANG_CXX_LANGUAGE_STANDARD = "gnu++0x";
				CLANG_CXX_LIBRARY = "libc++";
				CLANG_ENABLE_MODULES = YES;
				CLANG_ENABLE_OBJC_ARC = YES;
				CLANG_WARN_BOOL_CONVERSION = YES;
				CLANG_WARN_CONSTANT_CONVERSION = YES;
				CLANG_WARN_DIRECT_OBJC_ISA_USAGE = YES_ERROR;
				CLANG_WARN_DOCUMENTATION_COMMENTS = YES;
				CLANG_WARN_EMPTY_BODY = YES;
				CLANG_WARN_ENUM_CONVERSION = YES;
				CLANG_WARN_INFINITE_RECURSION = YES;
				CLANG_WARN_INT_CONVERSION = YES;
				CLANG_WARN_OBJC_ROOT_CLASS = YES_ERROR;
				CLANG_WARN_SUSPICIOUS_MOVES = YES;
				CLANG_WARN_UNREACHABLE_CODE = YES;
				CLANG_WARN__DUPLICATE_METHOD_MATCH = YES;
				"CODE_SIGN_IDENTITY[sdk=iphoneos*]" = "iPhone Developer";
				COPY_PHASE_STRIP = NO;
				DEBUG_INFORMATION_FORMAT = dwarf;
				ENABLE_STRICT_OBJC_MSGSEND = YES;
				ENABLE_TESTABILITY = YES;
				GCC_C_LANGUAGE_STANDARD = gnu99;
				GCC_DYNAMIC_NO_PIC = NO;
				GCC_NO_COMMON_BLOCKS = YES;
				GCC_OPTIMIZATION_LEVEL = 0;
				GCC_PREPROCESSOR_DEFINITIONS = (
					"DEBUG=1",
					"$(inherited)",
				);
				GCC_WARN_64_TO_32_BIT_CONVERSION = YES;
				GCC_WARN_ABOUT_RETURN_TYPE = YES_ERROR;
				GCC_WARN_UNDECLARED_SELECTOR = YES;
				GCC_WARN_UNINITIALIZED_AUTOS = YES_AGGRESSIVE;
				GCC_WARN_UNUSED_FUNCTION = YES;
				GCC_WARN_UNUSED_VARIABLE = YES;
				IPHONEOS_DEPLOYMENT_TARGET = 10.0;
				MTL_ENABLE_DEBUG_INFO = YES;
				ONLY_ACTIVE_ARCH = YES;
				SDKROOT = iphoneos;
				TARGETED_DEVICE_FAMILY = "1,2";
			};
			name = Debug;
		};
		E210E6DD1DD76270000BA73C /* Release */ = {
			isa = XCBuildConfiguration;
			buildSettings = {
				ALWAYS_SEARCH_USER_PATHS = NO;
				CLANG_ANALYZER_NONNULL = YES;
				CLANG_CXX_LANGUAGE_STANDARD = "gnu++0x";
				CLANG_CXX_LIBRARY = "libc++";
				CLANG_ENABLE_MODULES = YES;
				CLANG_ENABLE_OBJC_ARC = YES;
				CLANG_WARN_BOOL_CONVERSION = YES;
				CLANG_WARN_CONSTANT_CONVERSION = YES;
				CLANG_WARN_DIRECT_OBJC_ISA_USAGE = YES_ERROR;
				CLANG_WARN_DOCUMENTATION_COMMENTS = YES;
				CLANG_WARN_EMPTY_BODY = YES;
				CLANG_WARN_ENUM_CONVERSION = YES;
				CLANG_WARN_INFINITE_RECURSION = YES;
				CLANG_WARN_INT_CONVERSION = YES;
				CLANG_WARN_OBJC_ROOT_CLASS = YES_ERROR;
				CLANG_WARN_SUSPICIOUS_MOVES = YES;
				CLANG_WARN_UNREACHABLE_CODE = YES;
				CLANG_WARN__DUPLICATE_METHOD_MATCH = YES;
				"CODE_SIGN_IDENTITY[sdk=iphoneos*]" = "iPhone Developer";
				COPY_PHASE_STRIP = NO;
				DEBUG_INFORMATION_FORMAT = "dwarf-with-dsym";
				ENABLE_NS_ASSERTIONS = NO;
				ENABLE_STRICT_OBJC_MSGSEND = YES;
				GCC_C_LANGUAGE_STANDARD = gnu99;
				GCC_NO_COMMON_BLOCKS = YES;
				GCC_WARN_64_TO_32_BIT_CONVERSION = YES;
				GCC_WARN_ABOUT_RETURN_TYPE = YES_ERROR;
				GCC_WARN_UNDECLARED_SELECTOR = YES;
				GCC_WARN_UNINITIALIZED_AUTOS = YES_AGGRESSIVE;
				GCC_WARN_UNUSED_FUNCTION = YES;
				GCC_WARN_UNUSED_VARIABLE = YES;
				IPHONEOS_DEPLOYMENT_TARGET = 10.0;
				MTL_ENABLE_DEBUG_INFO = NO;
				SDKROOT = iphoneos;
				TARGETED_DEVICE_FAMILY = "1,2";
				VALIDATE_PRODUCT = YES;
			};
			name = Release;
		};
		E210E6DF1DD76270000BA73C /* Debug */ = {
			isa = XCBuildConfiguration;
			baseConfigurationReference = 98998F1926BBAE9DF1559E4B /* Pods-mecymapweex.debug.xcconfig */;
			buildSettings = {
				ASSETCATALOG_COMPILER_APPICON_NAME = AppIcon;
				INFOPLIST_FILE = mecymapweex/Info.plist;
				LD_RUNPATH_SEARCH_PATHS = "$(inherited) @executable_path/Frameworks";
				PRODUCT_BUNDLE_IDENTIFIER = sym.mecymapweex;
				PRODUCT_NAME = "$(TARGET_NAME)";
			};
			name = Debug;
		};
		E210E6E01DD76270000BA73C /* Release */ = {
			isa = XCBuildConfiguration;
			baseConfigurationReference = 03B9635835D95B204CE96751 /* Pods-mecymapweex.release.xcconfig */;
			buildSettings = {
				ASSETCATALOG_COMPILER_APPICON_NAME = AppIcon;
				INFOPLIST_FILE = mecymapweex/Info.plist;
				LD_RUNPATH_SEARCH_PATHS = "$(inherited) @executable_path/Frameworks";
				PRODUCT_BUNDLE_IDENTIFIER = sym.mecymapweex;
				PRODUCT_NAME = "$(TARGET_NAME)";
			};
			name = Release;
		};
/* End XCBuildConfiguration section */

/* Begin XCConfigurationList section */
		E210E6C21DD76270000BA73C /* Build configuration list for PBXProject "mecymapweex" */ = {
			isa = XCConfigurationList;
			buildConfigurations = (
				E210E6DC1DD76270000BA73C /* Debug */,
				E210E6DD1DD76270000BA73C /* Release */,
			);
			defaultConfigurationIsVisible = 0;
			defaultConfigurationName = Release;
		};
		E210E6DE1DD76270000BA73C /* Build configuration list for PBXNativeTarget "mecymapweex" */ = {
			isa = XCConfigurationList;
			buildConfigurations = (
				E210E6DF1DD76270000BA73C /* Debug */,
				E210E6E01DD76270000BA73C /* Release */,
			);
			defaultConfigurationIsVisible = 0;
			defaultConfigurationName = Release;
		};
/* End XCConfigurationList section */
	};
	rootObject = E210E6BF1DD76270000BA73C /* Project object */;
}
